# This file was autogenerated by uv via the following command:
#    uv pip compile pyproject.toml -o requirements.lock
aiohappyeyeballs==2.6.1
    # via aiohttp
aiohttp==3.12.13
    # via discord-py
aiosignal==1.4.0
    # via aiohttp
asyncpg==0.30.0
    # via dragonbot-new (pyproject.toml)
attrs==25.3.0
    # via aiohttp
audioop-lts==0.2.1
    # via discord-py
beautifulsoup4==4.13.4
    # via bs4
bs4==0.0.2
    # via dragonbot-new (pyproject.toml)
certifi==2025.6.15
    # via requests
charset-normalizer==3.4.2
    # via requests
discord-py==2.5.2
    # via dragonbot-new (pyproject.toml)
frozenlist==1.7.0
    # via
    #   aiohttp
    #   aiosignal
idna==3.10
    # via
    #   requests
    #   yarl
iniconfig==2.1.0
    # via pytest
multidict==6.6.3
    # via
    #   aiohttp
    #   yarl
numpy==2.3.1
    # via dragonbot-new (pyproject.toml)
packaging==25.0
    # via pytest
pluggy==1.6.0
    # via pytest
propcache==0.3.2
    # via
    #   aiohttp
    #   yarl
psycopg2-binary==2.9.10
    # via dragonbot-new (pyproject.toml)
pygments==2.19.2
    # via pytest
pytest==8.4.1
    # via
    #   dragonbot-new (pyproject.toml)
    #   pytest-asyncio
pytest-asyncio==1.0.0
    # via dragonbot-new (pyproject.toml)
python-dotenv==1.1.1
    # via dragonbot-new (pyproject.toml)
pytz==2025.2
    # via dragonbot-new (pyproject.toml)
requests==2.32.4
    # via dragonbot-new (pyproject.toml)
soupsieve==2.7
    # via beautifulsoup4
typing-extensions==4.14.1
    # via beautifulsoup4
urllib3==2.5.0
    # via requests
yarl==1.20.1
    # via aiohttp
